
Microsoft Visual Studio Solution File, Format Version 12.00
# Visual Studio 14
VisualStudioVersion = 14.0.23107.0
MinimumVisualStudioVersion = 10.0.40219.1
Project("{FAE04EC0-301F-11D3-BF4B-00C04F79EFBC}") = "Backpack.Features", "Backpack.Features\Backpack.Features.csproj", "{90114C37-C45C-4C05-8B25-321634C89144}"
EndProject
Project("{FAE04EC0-301F-11D3-BF4B-00C04F79EFBC}") = "Backpack.Features.Tests", "Backpack.Features.Tests\Backpack.Features.Tests.csproj", "{EAE28976-7D3F-466D-9BFC-92652DA86165}"
EndProject
Project("{2150E333-8FDC-42A3-9474-1A3956D46DE8}") = "Other", "Other", "{7C93339D-E708-423F-96C2-DF02B4DB125B}"
	ProjectSection(SolutionItems) = preProject
		appveyor.yml = appveyor.yml
		README.md = README.md
	EndProjectSection
EndProject
Global
	GlobalSection(SolutionConfigurationPlatforms) = preSolution
		Debug|Any CPU = Debug|Any CPU
		Release|Any CPU = Release|Any CPU
	EndGlobalSection
	GlobalSection(ProjectConfigurationPlatforms) = postSolution
		{90114C37-C45C-4C05-8B25-321634C89144}.Debug|Any CPU.ActiveCfg = Debug|Any CPU
		{90114C37-C45C-4C05-8B25-321634C89144}.Debug|Any CPU.Build.0 = Debug|Any CPU
		{90114C37-C45C-4C05-8B25-321634C89144}.Release|Any CPU.ActiveCfg = Release|Any CPU
		{90114C37-C45C-4C05-8B25-321634C89144}.Release|Any CPU.Build.0 = Release|Any CPU
		{EAE28976-7D3F-466D-9BFC-92652DA86165}.Debug|Any CPU.ActiveCfg = Debug|Any CPU
		{EAE28976-7D3F-466D-9BFC-92652DA86165}.Debug|Any CPU.Build.0 = Debug|Any CPU
		{EAE28976-7D3F-466D-9BFC-92652DA86165}.Release|Any CPU.ActiveCfg = Release|Any CPU
		{EAE28976-7D3F-466D-9BFC-92652DA86165}.Release|Any CPU.Build.0 = Release|Any CPU
	EndGlobalSection
	GlobalSection(SolutionProperties) = preSolution
		HideSolutionNode = FALSE
	EndGlobalSection
EndGlobal
